
Microsoft Visual Studio Solution File, Format Version 12.00
Project("{FAE04EC0-301F-11D3-BF4B-00C04F79EFBC}") = "testptoject", "testptoject\testptoject.csproj", "{BCB8B57A-4818-42D6-893F-B16EA10AC5F9}"
EndProject
Global
	GlobalSection(SolutionConfigurationPlatforms) = preSolution
		Debug|Any CPU = Debug|Any CPU
		Release|Any CPU = Release|Any CPU
	EndGlobalSection
	GlobalSection(ProjectConfigurationPlatforms) = postSolution
		{BCB8B57A-4818-42D6-893F-B16EA10AC5F9}.Debug|Any CPU.ActiveCfg = Debug|Any CPU
		{BCB8B57A-4818-42D6-893F-B16EA10AC5F9}.Debug|Any CPU.Build.0 = Debug|Any CPU
		{BCB8B57A-4818-42D6-893F-B16EA10AC5F9}.Release|Any CPU.ActiveCfg = Release|Any CPU
		{BCB8B57A-4818-42D6-893F-B16EA10AC5F9}.Release|Any CPU.Build.0 = Release|Any CPU
	EndGlobalSection
EndGlobal
